
Microsoft Visual Studio Solution File, Format Version 12.00
# Visual Studio Version 16
VisualStudioVersion = 16.0.31112.23
MinimumVisualStudioVersion = 10.0.40219.1
Project("{FAE04EC0-301F-11D3-BF4B-00C04F79EFBC}") = "Opdracht4.Android", "Opdracht4\Opdracht4.Android\Opdracht4.Android.csproj", "{F3D9F856-515F-4588-9FB3-8CE37EAFC027}"
EndProject
Project("{FAE04EC0-301F-11D3-BF4B-00C04F79EFBC}") = "Opdracht4.iOS", "Opdracht4\Opdracht4.iOS\Opdracht4.iOS.csproj", "{179B71F1-9DCB-473E-AB56-BB23B9A808F3}"
EndProject
Project("{FAE04EC0-301F-11D3-BF4B-00C04F79EFBC}") = "Opdracht4", "Opdracht4\Opdracht4\Opdracht4.csproj", "{4ED3C23A-532F-41D2-BE9D-69E982079FCC}"
EndProject
Global
	GlobalSection(SolutionConfigurationPlatforms) = preSolution
		Debug|Any CPU = Debug|Any CPU
		Debug|iPhone = Debug|iPhone
		Debug|iPhoneSimulator = Debug|iPhoneSimulator
		Release|Any CPU = Release|Any CPU
		Release|iPhone = Release|iPhone
		Release|iPhoneSimulator = Release|iPhoneSimulator
	EndGlobalSection
	GlobalSection(ProjectConfigurationPlatforms) = postSolution
		{F3D9F856-515F-4588-9FB3-8CE37EAFC027}.Debug|Any CPU.ActiveCfg = Debug|Any CPU
		{F3D9F856-515F-4588-9FB3-8CE37EAFC027}.Debug|Any CPU.Build.0 = Debug|Any CPU
		{F3D9F856-515F-4588-9FB3-8CE37EAFC027}.Debug|Any CPU.Deploy.0 = Debug|Any CPU
		{F3D9F856-515F-4588-9FB3-8CE37EAFC027}.Debug|iPhone.ActiveCfg = Debug|Any CPU
		{F3D9F856-515F-4588-9FB3-8CE37EAFC027}.Debug|iPhone.Build.0 = Debug|Any CPU
		{F3D9F856-515F-4588-9FB3-8CE37EAFC027}.Debug|iPhone.Deploy.0 = Debug|Any CPU
		{F3D9F856-515F-4588-9FB3-8CE37EAFC027}.Debug|iPhoneSimulator.ActiveCfg = Debug|Any CPU
		{F3D9F856-515F-4588-9FB3-8CE37EAFC027}.Debug|iPhoneSimulator.Build.0 = Debug|Any CPU
		{F3D9F856-515F-4588-9FB3-8CE37EAFC027}.Debug|iPhoneSimulator.Deploy.0 = Debug|Any CPU
		{F3D9F856-515F-4588-9FB3-8CE37EAFC027}.Release|Any CPU.ActiveCfg = Release|Any CPU
		{F3D9F856-515F-4588-9FB3-8CE37EAFC027}.Release|Any CPU.Build.0 = Release|Any CPU
		{F3D9F856-515F-4588-9FB3-8CE37EAFC027}.Release|Any CPU.Deploy.0 = Release|Any CPU
		{F3D9F856-515F-4588-9FB3-8CE37EAFC027}.Release|iPhone.ActiveCfg = Release|Any CPU
		{F3D9F856-515F-4588-9FB3-8CE37EAFC027}.Release|iPhone.Build.0 = Release|Any CPU
		{F3D9F856-515F-4588-9FB3-8CE37EAFC027}.Release|iPhone.Deploy.0 = Release|Any CPU
		{F3D9F856-515F-4588-9FB3-8CE37EAFC027}.Release|iPhoneSimulator.ActiveCfg = Release|Any CPU
		{F3D9F856-515F-4588-9FB3-8CE37EAFC027}.Release|iPhoneSimulator.Build.0 = Release|Any CPU
		{F3D9F856-515F-4588-9FB3-8CE37EAFC027}.Release|iPhoneSimulator.Deploy.0 = Release|Any CPU
		{179B71F1-9DCB-473E-AB56-BB23B9A808F3}.Debug|Any CPU.ActiveCfg = Debug|iPhone
		{179B71F1-9DCB-473E-AB56-BB23B9A808F3}.Debug|Any CPU.Build.0 = Debug|iPhone
		{179B71F1-9DCB-473E-AB56-BB23B9A808F3}.Debug|Any CPU.Deploy.0 = Debug|iPhone
		{179B71F1-9DCB-473E-AB56-BB23B9A808F3}.Debug|iPhone.ActiveCfg = Debug|iPhone
		{179B71F1-9DCB-473E-AB56-BB23B9A808F3}.Debug|iPhone.Build.0 = Debug|iPhone
		{179B71F1-9DCB-473E-AB56-BB23B9A808F3}.Debug|iPhone.Deploy.0 = Debug|iPhone
		{179B71F1-9DCB-473E-AB56-BB23B9A808F3}.Debug|iPhoneSimulator.ActiveCfg = Debug|iPhoneSimulator
		{179B71F1-9DCB-473E-AB56-BB23B9A808F3}.Debug|iPhoneSimulator.Build.0 = Debug|iPhoneSimulator
		{179B71F1-9DCB-473E-AB56-BB23B9A808F3}.Debug|iPhoneSimulator.Deploy.0 = Debug|iPhoneSimulator
		{179B71F1-9DCB-473E-AB56-BB23B9A808F3}.Release|Any CPU.ActiveCfg = Release|iPhoneSimulator
		{179B71F1-9DCB-473E-AB56-BB23B9A808F3}.Release|Any CPU.Build.0 = Release|iPhoneSimulator
		{179B71F1-9DCB-473E-AB56-BB23B9A808F3}.Release|Any CPU.Deploy.0 = Release|iPhoneSimulator
		{179B71F1-9DCB-473E-AB56-BB23B9A808F3}.Release|iPhone.ActiveCfg = Release|iPhone
		{179B71F1-9DCB-473E-AB56-BB23B9A808F3}.Release|iPhone.Build.0 = Release|iPhone
		{179B71F1-9DCB-473E-AB56-BB23B9A808F3}.Release|iPhone.Deploy.0 = Release|iPhone
		{179B71F1-9DCB-473E-AB56-BB23B9A808F3}.Release|iPhoneSimulator.ActiveCfg = Release|iPhoneSimulator
		{179B71F1-9DCB-473E-AB56-BB23B9A808F3}.Release|iPhoneSimulator.Build.0 = Release|iPhoneSimulator
		{179B71F1-9DCB-473E-AB56-BB23B9A808F3}.Release|iPhoneSimulator.Deploy.0 = Release|iPhoneSimulator
		{4ED3C23A-532F-41D2-BE9D-69E982079FCC}.Debug|Any CPU.ActiveCfg = Debug|Any CPU
		{4ED3C23A-532F-41D2-BE9D-69E982079FCC}.Debug|Any CPU.Build.0 = Debug|Any CPU
		{4ED3C23A-532F-41D2-BE9D-69E982079FCC}.Debug|Any CPU.Deploy.0 = Debug|Any CPU
		{4ED3C23A-532F-41D2-BE9D-69E982079FCC}.Debug|iPhone.ActiveCfg = Debug|Any CPU
		{4ED3C23A-532F-41D2-BE9D-69E982079FCC}.Debug|iPhone.Build.0 = Debug|Any CPU
		{4ED3C23A-532F-41D2-BE9D-69E982079FCC}.Debug|iPhone.Deploy.0 = Debug|Any CPU
		{4ED3C23A-532F-41D2-BE9D-69E982079FCC}.Debug|iPhoneSimulator.ActiveCfg = Debug|Any CPU
		{4ED3C23A-532F-41D2-BE9D-69E982079FCC}.Debug|iPhoneSimulator.Build.0 = Debug|Any CPU
		{4ED3C23A-532F-41D2-BE9D-69E982079FCC}.Debug|iPhoneSimulator.Deploy.0 = Debug|Any CPU
		{4ED3C23A-532F-41D2-BE9D-69E982079FCC}.Release|Any CPU.ActiveCfg = Release|Any CPU
		{4ED3C23A-532F-41D2-BE9D-69E982079FCC}.Release|Any CPU.Build.0 = Release|Any CPU
		{4ED3C23A-532F-41D2-BE9D-69E982079FCC}.Release|Any CPU.Deploy.0 = Release|Any CPU
		{4ED3C23A-532F-41D2-BE9D-69E982079FCC}.Release|iPhone.ActiveCfg = Release|Any CPU
		{4ED3C23A-532F-41D2-BE9D-69E982079FCC}.Release|iPhone.Build.0 = Release|Any CPU
		{4ED3C23A-532F-41D2-BE9D-69E982079FCC}.Release|iPhone.Deploy.0 = Release|Any CPU
		{4ED3C23A-532F-41D2-BE9D-69E982079FCC}.Release|iPhoneSimulator.ActiveCfg = Release|Any CPU
		{4ED3C23A-532F-41D2-BE9D-69E982079FCC}.Release|iPhoneSimulator.Build.0 = Release|Any CPU
		{4ED3C23A-532F-41D2-BE9D-69E982079FCC}.Release|iPhoneSimulator.Deploy.0 = Release|Any CPU
	EndGlobalSection
	GlobalSection(SolutionProperties) = preSolution
		HideSolutionNode = FALSE
	EndGlobalSection
	GlobalSection(ExtensibilityGlobals) = postSolution
		SolutionGuid = {D862C94A-9B2E-4019-A9FD-57B99416DD1A}
	EndGlobalSection
EndGlobal
