
Microsoft Visual Studio Solution File, Format Version 12.00
# Visual Studio Version 16
VisualStudioVersion = 16.0.30621.155
MinimumVisualStudioVersion = 10.0.40219.1
Project("{FAE04EC0-301F-11D3-BF4B-00C04F79EFBC}") = "Opdracht3.20.Android", "Opdracht3.20\Opdracht3.20.Android\Opdracht3.20.Android.csproj", "{283D1500-AA64-481D-9CC2-E2DB2D4E8B30}"
EndProject
Project("{FAE04EC0-301F-11D3-BF4B-00C04F79EFBC}") = "Opdracht3.20.iOS", "Opdracht3.20\Opdracht3.20.iOS\Opdracht3.20.iOS.csproj", "{49B7A299-E420-4199-8471-36018BE38F0A}"
EndProject
Project("{FAE04EC0-301F-11D3-BF4B-00C04F79EFBC}") = "Opdracht3.20", "Opdracht3.20\Opdracht3.20\Opdracht3.20.csproj", "{D3E08BB4-3D4B-40C6-93E1-E7830A589A50}"
EndProject
Global
	GlobalSection(SolutionConfigurationPlatforms) = preSolution
		Debug|Any CPU = Debug|Any CPU
		Debug|iPhone = Debug|iPhone
		Debug|iPhoneSimulator = Debug|iPhoneSimulator
		Release|Any CPU = Release|Any CPU
		Release|iPhone = Release|iPhone
		Release|iPhoneSimulator = Release|iPhoneSimulator
	EndGlobalSection
	GlobalSection(ProjectConfigurationPlatforms) = postSolution
		{283D1500-AA64-481D-9CC2-E2DB2D4E8B30}.Debug|Any CPU.ActiveCfg = Debug|Any CPU
		{283D1500-AA64-481D-9CC2-E2DB2D4E8B30}.Debug|Any CPU.Build.0 = Debug|Any CPU
		{283D1500-AA64-481D-9CC2-E2DB2D4E8B30}.Debug|Any CPU.Deploy.0 = Debug|Any CPU
		{283D1500-AA64-481D-9CC2-E2DB2D4E8B30}.Debug|iPhone.ActiveCfg = Debug|Any CPU
		{283D1500-AA64-481D-9CC2-E2DB2D4E8B30}.Debug|iPhone.Build.0 = Debug|Any CPU
		{283D1500-AA64-481D-9CC2-E2DB2D4E8B30}.Debug|iPhone.Deploy.0 = Debug|Any CPU
		{283D1500-AA64-481D-9CC2-E2DB2D4E8B30}.Debug|iPhoneSimulator.ActiveCfg = Debug|Any CPU
		{283D1500-AA64-481D-9CC2-E2DB2D4E8B30}.Debug|iPhoneSimulator.Build.0 = Debug|Any CPU
		{283D1500-AA64-481D-9CC2-E2DB2D4E8B30}.Debug|iPhoneSimulator.Deploy.0 = Debug|Any CPU
		{283D1500-AA64-481D-9CC2-E2DB2D4E8B30}.Release|Any CPU.ActiveCfg = Release|Any CPU
		{283D1500-AA64-481D-9CC2-E2DB2D4E8B30}.Release|Any CPU.Build.0 = Release|Any CPU
		{283D1500-AA64-481D-9CC2-E2DB2D4E8B30}.Release|Any CPU.Deploy.0 = Release|Any CPU
		{283D1500-AA64-481D-9CC2-E2DB2D4E8B30}.Release|iPhone.ActiveCfg = Release|Any CPU
		{283D1500-AA64-481D-9CC2-E2DB2D4E8B30}.Release|iPhone.Build.0 = Release|Any CPU
		{283D1500-AA64-481D-9CC2-E2DB2D4E8B30}.Release|iPhone.Deploy.0 = Release|Any CPU
		{283D1500-AA64-481D-9CC2-E2DB2D4E8B30}.Release|iPhoneSimulator.ActiveCfg = Release|Any CPU
		{283D1500-AA64-481D-9CC2-E2DB2D4E8B30}.Release|iPhoneSimulator.Build.0 = Release|Any CPU
		{283D1500-AA64-481D-9CC2-E2DB2D4E8B30}.Release|iPhoneSimulator.Deploy.0 = Release|Any CPU
		{49B7A299-E420-4199-8471-36018BE38F0A}.Debug|Any CPU.ActiveCfg = Debug|iPhone
		{49B7A299-E420-4199-8471-36018BE38F0A}.Debug|Any CPU.Build.0 = Debug|iPhone
		{49B7A299-E420-4199-8471-36018BE38F0A}.Debug|Any CPU.Deploy.0 = Debug|iPhone
		{49B7A299-E420-4199-8471-36018BE38F0A}.Debug|iPhone.ActiveCfg = Debug|iPhone
		{49B7A299-E420-4199-8471-36018BE38F0A}.Debug|iPhone.Build.0 = Debug|iPhone
		{49B7A299-E420-4199-8471-36018BE38F0A}.Debug|iPhone.Deploy.0 = Debug|iPhone
		{49B7A299-E420-4199-8471-36018BE38F0A}.Debug|iPhoneSimulator.ActiveCfg = Debug|iPhoneSimulator
		{49B7A299-E420-4199-8471-36018BE38F0A}.Debug|iPhoneSimulator.Build.0 = Debug|iPhoneSimulator
		{49B7A299-E420-4199-8471-36018BE38F0A}.Debug|iPhoneSimulator.Deploy.0 = Debug|iPhoneSimulator
		{49B7A299-E420-4199-8471-36018BE38F0A}.Release|Any CPU.ActiveCfg = Release|iPhoneSimulator
		{49B7A299-E420-4199-8471-36018BE38F0A}.Release|Any CPU.Build.0 = Release|iPhoneSimulator
		{49B7A299-E420-4199-8471-36018BE38F0A}.Release|Any CPU.Deploy.0 = Release|iPhoneSimulator
		{49B7A299-E420-4199-8471-36018BE38F0A}.Release|iPhone.ActiveCfg = Release|iPhone
		{49B7A299-E420-4199-8471-36018BE38F0A}.Release|iPhone.Build.0 = Release|iPhone
		{49B7A299-E420-4199-8471-36018BE38F0A}.Release|iPhone.Deploy.0 = Release|iPhone
		{49B7A299-E420-4199-8471-36018BE38F0A}.Release|iPhoneSimulator.ActiveCfg = Release|iPhoneSimulator
		{49B7A299-E420-4199-8471-36018BE38F0A}.Release|iPhoneSimulator.Build.0 = Release|iPhoneSimulator
		{49B7A299-E420-4199-8471-36018BE38F0A}.Release|iPhoneSimulator.Deploy.0 = Release|iPhoneSimulator
		{D3E08BB4-3D4B-40C6-93E1-E7830A589A50}.Debug|Any CPU.ActiveCfg = Debug|Any CPU
		{D3E08BB4-3D4B-40C6-93E1-E7830A589A50}.Debug|Any CPU.Build.0 = Debug|Any CPU
		{D3E08BB4-3D4B-40C6-93E1-E7830A589A50}.Debug|Any CPU.Deploy.0 = Debug|Any CPU
		{D3E08BB4-3D4B-40C6-93E1-E7830A589A50}.Debug|iPhone.ActiveCfg = Debug|Any CPU
		{D3E08BB4-3D4B-40C6-93E1-E7830A589A50}.Debug|iPhone.Build.0 = Debug|Any CPU
		{D3E08BB4-3D4B-40C6-93E1-E7830A589A50}.Debug|iPhone.Deploy.0 = Debug|Any CPU
		{D3E08BB4-3D4B-40C6-93E1-E7830A589A50}.Debug|iPhoneSimulator.ActiveCfg = Debug|Any CPU
		{D3E08BB4-3D4B-40C6-93E1-E7830A589A50}.Debug|iPhoneSimulator.Build.0 = Debug|Any CPU
		{D3E08BB4-3D4B-40C6-93E1-E7830A589A50}.Debug|iPhoneSimulator.Deploy.0 = Debug|Any CPU
		{D3E08BB4-3D4B-40C6-93E1-E7830A589A50}.Release|Any CPU.ActiveCfg = Release|Any CPU
		{D3E08BB4-3D4B-40C6-93E1-E7830A589A50}.Release|Any CPU.Build.0 = Release|Any CPU
		{D3E08BB4-3D4B-40C6-93E1-E7830A589A50}.Release|Any CPU.Deploy.0 = Release|Any CPU
		{D3E08BB4-3D4B-40C6-93E1-E7830A589A50}.Release|iPhone.ActiveCfg = Release|Any CPU
		{D3E08BB4-3D4B-40C6-93E1-E7830A589A50}.Release|iPhone.Build.0 = Release|Any CPU
		{D3E08BB4-3D4B-40C6-93E1-E7830A589A50}.Release|iPhone.Deploy.0 = Release|Any CPU
		{D3E08BB4-3D4B-40C6-93E1-E7830A589A50}.Release|iPhoneSimulator.ActiveCfg = Release|Any CPU
		{D3E08BB4-3D4B-40C6-93E1-E7830A589A50}.Release|iPhoneSimulator.Build.0 = Release|Any CPU
		{D3E08BB4-3D4B-40C6-93E1-E7830A589A50}.Release|iPhoneSimulator.Deploy.0 = Release|Any CPU
	EndGlobalSection
	GlobalSection(SolutionProperties) = preSolution
		HideSolutionNode = FALSE
	EndGlobalSection
	GlobalSection(ExtensibilityGlobals) = postSolution
		SolutionGuid = {2037B745-A9CD-496D-8931-EF59DA2D6186}
	EndGlobalSection
EndGlobal
